// !$*UTF8*$!
{
	archiveVersion = 1;
	classes = {
	};
	objectVersion = 55;
	objects = {

/* Begin PBXBuildFile section */
		0057CE1E28BACCDF005A105A /* ExampleApp.swift in Sources */ = {isa = PBXBuildFile; fileRef = 0057CE1D28BACCDF005A105A /* ExampleApp.swift */; };
		0057CE2028BACCDF005A105A /* ContentView.swift in Sources */ = {isa = PBXBuildFile; fileRef = 0057CE1F28BACCDF005A105A /* ContentView.swift */; };
		0057CE2228BACCE1005A105A /* Assets.xcassets in Resources */ = {isa = PBXBuildFile; fileRef = 0057CE2128BACCE1005A105A /* Assets.xcassets */; };
		0057CE2528BACCE1005A105A /* Preview Assets.xcassets in Resources */ = {isa = PBXBuildFile; fileRef = 0057CE2428BACCE1005A105A /* Preview Assets.xcassets */; };
		0057CE3928BACD63005A105A /* Assets.xcassets in Resources */ = {isa = PBXBuildFile; fileRef = 0057CE3828BACD63005A105A /* Assets.xcassets */; };
		0057CE3C28BACD63005A105A /* Preview Assets.xcassets in Resources */ = {isa = PBXBuildFile; fileRef = 0057CE3B28BACD63005A105A /* Preview Assets.xcassets */; };
		0057CE4128BACD6D005A105A /* ContentView.swift in Sources */ = {isa = PBXBuildFile; fileRef = 0057CE1F28BACCDF005A105A /* ContentView.swift */; };
		0057CE4228BACD6D005A105A /* ExampleApp.swift in Sources */ = {isa = PBXBuildFile; fileRef = 0057CE1D28BACCDF005A105A /* ExampleApp.swift */; };
		0057CE4628BACDC3005A105A /* EdgeFadingScrollView in Frameworks */ = {isa = PBXBuildFile; productRef = 0057CE4528BACDC3005A105A /* EdgeFadingScrollView */; };
		0057CE4828BACDC7005A105A /* EdgeFadingScrollView in Frameworks */ = {isa = PBXBuildFile; productRef = 0057CE4728BACDC7005A105A /* EdgeFadingScrollView */; };
/* End PBXBuildFile section */

/* Begin PBXFileReference section */
		0057CE1A28BACCDF005A105A /* Example (iOS).app */ = {isa = PBXFileReference; explicitFileType = wrapper.application; includeInIndex = 0; path = "Example (iOS).app"; sourceTree = BUILT_PRODUCTS_DIR; };
		0057CE1D28BACCDF005A105A /* ExampleApp.swift */ = {isa = PBXFileReference; lastKnownFileType = sourcecode.swift; path = ExampleApp.swift; sourceTree = "<group>"; };
		0057CE1F28BACCDF005A105A /* ContentView.swift */ = {isa = PBXFileReference; lastKnownFileType = sourcecode.swift; path = ContentView.swift; sourceTree = "<group>"; };
		0057CE2128BACCE1005A105A /* Assets.xcassets */ = {isa = PBXFileReference; lastKnownFileType = folder.assetcatalog; path = Assets.xcassets; sourceTree = "<group>"; };
		0057CE2428BACCE1005A105A /* Preview Assets.xcassets */ = {isa = PBXFileReference; lastKnownFileType = folder.assetcatalog; path = "Preview Assets.xcassets"; sourceTree = "<group>"; };
		0057CE2C28BACCF8005A105A /* EdgeFadingScrollView */ = {isa = PBXFileReference; lastKnownFileType = wrapper; name = EdgeFadingScrollView; path = ..; sourceTree = "<group>"; };
		0057CE3228BACD62005A105A /* Example (macOS).app */ = {isa = PBXFileReference; explicitFileType = wrapper.application; includeInIndex = 0; path = "Example (macOS).app"; sourceTree = BUILT_PRODUCTS_DIR; };
		0057CE3828BACD63005A105A /* Assets.xcassets */ = {isa = PBXFileReference; lastKnownFileType = folder.assetcatalog; path = Assets.xcassets; sourceTree = "<group>"; };
		0057CE3B28BACD63005A105A /* Preview Assets.xcassets */ = {isa = PBXFileReference; lastKnownFileType = folder.assetcatalog; path = "Preview Assets.xcassets"; sourceTree = "<group>"; };
		0057CE3D28BACD63005A105A /* Example__macOS_.entitlements */ = {isa = PBXFileReference; lastKnownFileType = text.plist.entitlements; path = Example__macOS_.entitlements; sourceTree = "<group>"; };
/* End PBXFileReference section */

/* Begin PBXFrameworksBuildPhase section */
		0057CE1728BACCDF005A105A /* Frameworks */ = {
			isa = PBXFrameworksBuildPhase;
			buildActionMask = 2147483647;
			files = (
				0057CE4628BACDC3005A105A /* EdgeFadingScrollView in Frameworks */,
			);
			runOnlyForDeploymentPostprocessing = 0;
		};
		0057CE2F28BACD62005A105A /* Frameworks */ = {
			isa = PBXFrameworksBuildPhase;
			buildActionMask = 2147483647;
			files = (
				0057CE4828BACDC7005A105A /* EdgeFadingScrollView in Frameworks */,
			);
			runOnlyForDeploymentPostprocessing = 0;
		};
/* End PBXFrameworksBuildPhase section */

/* Begin PBXGroup section */
		0057CE1128BACCDF005A105A = {
			isa = PBXGroup;
			children = (
				0057CE1C28BACCDF005A105A /* Example (iOS) */,
				0057CE3328BACD62005A105A /* Example (macOS) */,
				0057CE4328BACD75005A105A /* Example (Shared) */,
				0057CE2B28BACCF8005A105A /* Packages */,
				0057CE1B28BACCDF005A105A /* Products */,
				0057CE4428BACDC3005A105A /* Frameworks */,
			);
			sourceTree = "<group>";
		};
		0057CE1B28BACCDF005A105A /* Products */ = {
			isa = PBXGroup;
			children = (
				0057CE1A28BACCDF005A105A /* Example (iOS).app */,
				0057CE3228BACD62005A105A /* Example (macOS).app */,
			);
			name = Products;
			sourceTree = "<group>";
		};
		0057CE1C28BACCDF005A105A /* Example (iOS) */ = {
			isa = PBXGroup;
			children = (
				0057CE2128BACCE1005A105A /* Assets.xcassets */,
				0057CE2328BACCE1005A105A /* Preview Content */,
			);
			path = "Example (iOS)";
			sourceTree = "<group>";
		};
		0057CE2328BACCE1005A105A /* Preview Content */ = {
			isa = PBXGroup;
			children = (
				0057CE2428BACCE1005A105A /* Preview Assets.xcassets */,
			);
			path = "Preview Content";
			sourceTree = "<group>";
		};
		0057CE2B28BACCF8005A105A /* Packages */ = {
			isa = PBXGroup;
			children = (
				0057CE2C28BACCF8005A105A /* EdgeFadingScrollView */,
			);
			name = Packages;
			sourceTree = "<group>";
		};
		0057CE3328BACD62005A105A /* Example (macOS) */ = {
			isa = PBXGroup;
			children = (
				0057CE3828BACD63005A105A /* Assets.xcassets */,
				0057CE3D28BACD63005A105A /* Example__macOS_.entitlements */,
				0057CE3A28BACD63005A105A /* Preview Content */,
			);
			path = "Example (macOS)";
			sourceTree = "<group>";
		};
		0057CE3A28BACD63005A105A /* Preview Content */ = {
			isa = PBXGroup;
			children = (
				0057CE3B28BACD63005A105A /* Preview Assets.xcassets */,
			);
			path = "Preview Content";
			sourceTree = "<group>";
		};
		0057CE4328BACD75005A105A /* Example (Shared) */ = {
			isa = PBXGroup;
			children = (
				0057CE1D28BACCDF005A105A /* ExampleApp.swift */,
				0057CE1F28BACCDF005A105A /* ContentView.swift */,
			);
			path = "Example (Shared)";
			sourceTree = "<group>";
		};
		0057CE4428BACDC3005A105A /* Frameworks */ = {
			isa = PBXGroup;
			children = (
			);
			name = Frameworks;
			sourceTree = "<group>";
		};
/* End PBXGroup section */

/* Begin PBXNativeTarget section */
		0057CE1928BACCDF005A105A /* Example (iOS) */ = {
			isa = PBXNativeTarget;
			buildConfigurationList = 0057CE2828BACCE1005A105A /* Build configuration list for PBXNativeTarget "Example (iOS)" */;
			buildPhases = (
				0057CE1628BACCDF005A105A /* Sources */,
				0057CE1728BACCDF005A105A /* Frameworks */,
				0057CE1828BACCDF005A105A /* Resources */,
			);
			buildRules = (
			);
			dependencies = (
			);
			name = "Example (iOS)";
			packageProductDependencies = (
				0057CE4528BACDC3005A105A /* EdgeFadingScrollView */,
			);
			productName = Example;
			productReference = 0057CE1A28BACCDF005A105A /* Example (iOS).app */;
			productType = "com.apple.product-type.application";
		};
		0057CE3128BACD62005A105A /* Example (macOS) */ = {
			isa = PBXNativeTarget;
			buildConfigurationList = 0057CE3E28BACD63005A105A /* Build configuration list for PBXNativeTarget "Example (macOS)" */;
			buildPhases = (
				0057CE2E28BACD62005A105A /* Sources */,
				0057CE2F28BACD62005A105A /* Frameworks */,
				0057CE3028BACD62005A105A /* Resources */,
			);
			buildRules = (
			);
			dependencies = (
			);
			name = "Example (macOS)";
			packageProductDependencies = (
				0057CE4728BACDC7005A105A /* EdgeFadingScrollView */,
			);
			productName = "Example (macOS)";
			productReference = 0057CE3228BACD62005A105A /* Example (macOS).app */;
			productType = "com.apple.product-type.application";
		};
/* End PBXNativeTarget section */

/* Begin PBXProject section */
		0057CE1228BACCDF005A105A /* Project object */ = {
			isa = PBXProject;
			attributes = {
				BuildIndependentTargetsInParallel = 1;
				LastSwiftUpdateCheck = 1340;
				LastUpgradeCheck = 1340;
				TargetAttributes = {
					0057CE1928BACCDF005A105A = {
						CreatedOnToolsVersion = 13.4.1;
					};
					0057CE3128BACD62005A105A = {
						CreatedOnToolsVersion = 13.4.1;
					};
				};
			};
			buildConfigurationList = 0057CE1528BACCDF005A105A /* Build configuration list for PBXProject "Example" */;
			compatibilityVersion = "Xcode 13.0";
			developmentRegion = en;
			hasScannedForEncodings = 0;
			knownRegions = (
				en,
				Base,
			);
			mainGroup = 0057CE1128BACCDF005A105A;
			productRefGroup = 0057CE1B28BACCDF005A105A /* Products */;
			projectDirPath = "";
			projectRoot = "";
			targets = (
				0057CE1928BACCDF005A105A /* Example (iOS) */,
				0057CE3128BACD62005A105A /* Example (macOS) */,
			);
		};
/* End PBXProject section */

/* Begin PBXResourcesBuildPhase section */
		0057CE1828BACCDF005A105A /* Resources */ = {
			isa = PBXResourcesBuildPhase;
			buildActionMask = 2147483647;
			files = (
				0057CE2528BACCE1005A105A /* Preview Assets.xcassets in Resources */,
				0057CE2228BACCE1005A105A /* Assets.xcassets in Resources */,
			);
			runOnlyForDeploymentPostprocessing = 0;
		};
		0057CE3028BACD62005A105A /* Resources */ = {
			isa = PBXResourcesBuildPhase;
			buildActionMask = 2147483647;
			files = (
				0057CE3C28BACD63005A105A /* Preview Assets.xcassets in Resources */,
				0057CE3928BACD63005A105A /* Assets.xcassets in Resources */,
			);
			runOnlyForDeploymentPostprocessing = 0;
		};
/* End PBXResourcesBuildPhase section */

/* Begin PBXSourcesBuildPhase section */
		0057CE1628BACCDF005A105A /* Sources */ = {
			isa = PBXSourcesBuildPhase;
			buildActionMask = 2147483647;
			files = (
				0057CE2028BACCDF005A105A /* ContentView.swift in Sources */,
				0057CE1E28BACCDF005A105A /* ExampleApp.swift in Sources */,
			);
			runOnlyForDeploymentPostprocessing = 0;
		};
		0057CE2E28BACD62005A105A /* Sources */ = {
			isa = PBXSourcesBuildPhase;
			buildActionMask = 2147483647;
			files = (
				0057CE4228BACD6D005A105A /* ExampleApp.swift in Sources */,
				0057CE4128BACD6D005A105A /* ContentView.swift in Sources */,
			);
			runOnlyForDeploymentPostprocessing = 0;
		};
/* End PBXSourcesBuildPhase section */

/* Begin XCBuildConfiguration section */
		0057CE2628BACCE1005A105A /* Debug */ = {
			isa = XCBuildConfiguration;
			buildSettings = {
				ALWAYS_SEARCH_USER_PATHS = NO;
				CLANG_ANALYZER_NONNULL = YES;
				CLANG_ANALYZER_NUMBER_OBJECT_CONVERSION = YES_AGGRESSIVE;
				CLANG_CXX_LANGUAGE_STANDARD = "gnu++17";
				CLANG_ENABLE_MODULES = YES;
				CLANG_ENABLE_OBJC_ARC = YES;
				CLANG_ENABLE_OBJC_WEAK = YES;
				CLANG_WARN_BLOCK_CAPTURE_AUTORELEASING = YES;
				CLANG_WARN_BOOL_CONVERSION = YES;
				CLANG_WARN_COMMA = YES;
				CLANG_WARN_CONSTANT_CONVERSION = YES;
				CLANG_WARN_DEPRECATED_OBJC_IMPLEMENTATIONS = YES;
				CLANG_WARN_DIRECT_OBJC_ISA_USAGE = YES_ERROR;
				CLANG_WARN_DOCUMENTATION_COMMENTS = YES;
				CLANG_WARN_EMPTY_BODY = YES;
				CLANG_WARN_ENUM_CONVERSION = YES;
				CLANG_WARN_INFINITE_RECURSION = YES;
				CLANG_WARN_INT_CONVERSION = YES;
				CLANG_WARN_NON_LITERAL_NULL_CONVERSION = YES;
				CLANG_WARN_OBJC_IMPLICIT_RETAIN_SELF = YES;
				CLANG_WARN_OBJC_LITERAL_CONVERSION = YES;
				CLANG_WARN_OBJC_ROOT_CLASS = YES_ERROR;
				CLANG_WARN_QUOTED_INCLUDE_IN_FRAMEWORK_HEADER = YES;
				CLANG_WARN_RANGE_LOOP_ANALYSIS = YES;
				CLANG_WARN_STRICT_PROTOTYPES = YES;
				CLANG_WARN_SUSPICIOUS_MOVE = YES;
				CLANG_WARN_UNGUARDED_AVAILABILITY = YES_AGGRESSIVE;
				CLANG_WARN_UNREACHABLE_CODE = YES;
				CLANG_WARN__DUPLICATE_METHOD_MATCH = YES;
				COPY_PHASE_STRIP = NO;
				DEBUG_INFORMATION_FORMAT = dwarf;
				ENABLE_STRICT_OBJC_MSGSEND = YES;
				ENABLE_TESTABILITY = YES;
				GCC_C_LANGUAGE_STANDARD = gnu11;
				GCC_DYNAMIC_NO_PIC = NO;
				GCC_NO_COMMON_BLOCKS = YES;
				GCC_OPTIMIZATION_LEVEL = 0;
				GCC_PREPROCESSOR_DEFINITIONS = (
					"DEBUG=1",
					"$(inherited)",
				);
				GCC_WARN_64_TO_32_BIT_CONVERSION = YES;
				GCC_WARN_ABOUT_RETURN_TYPE = YES_ERROR;
				GCC_WARN_UNDECLARED_SELECTOR = YES;
				GCC_WARN_UNINITIALIZED_AUTOS = YES_AGGRESSIVE;
				GCC_WARN_UNUSED_FUNCTION = YES;
				GCC_WARN_UNUSED_VARIABLE = YES;
				IPHONEOS_DEPLOYMENT_TARGET = 15.5;
				MTL_ENABLE_DEBUG_INFO = INCLUDE_SOURCE;
				MTL_FAST_MATH = YES;
				ONLY_ACTIVE_ARCH = YES;
				SDKROOT = iphoneos;
				SWIFT_ACTIVE_COMPILATION_CONDITIONS = DEBUG;
				SWIFT_OPTIMIZATION_LEVEL = "-Onone";
			};
			name = Debug;
		};
		0057CE2728BACCE1005A105A /* Release */ = {
			isa = XCBuildConfiguration;
			buildSettings = {
				ALWAYS_SEARCH_USER_PATHS = NO;
				CLANG_ANALYZER_NONNULL = YES;
				CLANG_ANALYZER_NUMBER_OBJECT_CONVERSION = YES_AGGRESSIVE;
				CLANG_CXX_LANGUAGE_STANDARD = "gnu++17";
				CLANG_ENABLE_MODULES = YES;
				CLANG_ENABLE_OBJC_ARC = YES;
				CLANG_ENABLE_OBJC_WEAK = YES;
				CLANG_WARN_BLOCK_CAPTURE_AUTORELEASING = YES;
				CLANG_WARN_BOOL_CONVERSION = YES;
				CLANG_WARN_COMMA = YES;
				CLANG_WARN_CONSTANT_CONVERSION = YES;
				CLANG_WARN_DEPRECATED_OBJC_IMPLEMENTATIONS = YES;
				CLANG_WARN_DIRECT_OBJC_ISA_USAGE = YES_ERROR;
				CLANG_WARN_DOCUMENTATION_COMMENTS = YES;
				CLANG_WARN_EMPTY_BODY = YES;
				CLANG_WARN_ENUM_CONVERSION = YES;
				CLANG_WARN_INFINITE_RECURSION = YES;
				CLANG_WARN_INT_CONVERSION = YES;
				CLANG_WARN_NON_LITERAL_NULL_CONVERSION = YES;
				CLANG_WARN_OBJC_IMPLICIT_RETAIN_SELF = YES;
				CLANG_WARN_OBJC_LITERAL_CONVERSION = YES;
				CLANG_WARN_OBJC_ROOT_CLASS = YES_ERROR;
				CLANG_WARN_QUOTED_INCLUDE_IN_FRAMEWORK_HEADER = YES;
				CLANG_WARN_RANGE_LOOP_ANALYSIS = YES;
				CLANG_WARN_STRICT_PROTOTYPES = YES;
				CLANG_WARN_SUSPICIOUS_MOVE = YES;
				CLANG_WARN_UNGUARDED_AVAILABILITY = YES_AGGRESSIVE;
				CLANG_WARN_UNREACHABLE_CODE = YES;
				CLANG_WARN__DUPLICATE_METHOD_MATCH = YES;
				COPY_PHASE_STRIP = NO;
				DEBUG_INFORMATION_FORMAT = "dwarf-with-dsym";
				ENABLE_NS_ASSERTIONS = NO;
				ENABLE_STRICT_OBJC_MSGSEND = YES;
				GCC_C_LANGUAGE_STANDARD = gnu11;
				GCC_NO_COMMON_BLOCKS = YES;
				GCC_WARN_64_TO_32_BIT_CONVERSION = YES;
				GCC_WARN_ABOUT_RETURN_TYPE = YES_ERROR;
				GCC_WARN_UNDECLARED_SELECTOR = YES;
				GCC_WARN_UNINITIALIZED_AUTOS = YES_AGGRESSIVE;
				GCC_WARN_UNUSED_FUNCTION = YES;
				GCC_WARN_UNUSED_VARIABLE = YES;
				IPHONEOS_DEPLOYMENT_TARGET = 15.5;
				MTL_ENABLE_DEBUG_INFO = NO;
				MTL_FAST_MATH = YES;
				SDKROOT = iphoneos;
				SWIFT_COMPILATION_MODE = wholemodule;
				SWIFT_OPTIMIZATION_LEVEL = "-O";
				VALIDATE_PRODUCT = YES;
			};
			name = Release;
		};
		0057CE2928BACCE1005A105A /* Debug */ = {
			isa = XCBuildConfiguration;
			buildSettings = {
				ASSETCATALOG_COMPILER_APPICON_NAME = AppIcon;
				ASSETCATALOG_COMPILER_GLOBAL_ACCENT_COLOR_NAME = AccentColor;
				CODE_SIGN_STYLE = Automatic;
				CURRENT_PROJECT_VERSION = 1;
				DEVELOPMENT_ASSET_PATHS = "\"Example (iOS)/Preview Content\"";
				DEVELOPMENT_TEAM = ZVWN4UJS9M;
				ENABLE_PREVIEWS = YES;
				GENERATE_INFOPLIST_FILE = YES;
				INFOPLIST_KEY_UIApplicationSceneManifest_Generation = YES;
				INFOPLIST_KEY_UIApplicationSupportsIndirectInputEvents = YES;
				INFOPLIST_KEY_UILaunchScreen_Generation = YES;
				INFOPLIST_KEY_UISupportedInterfaceOrientations_iPad = "UIInterfaceOrientationPortrait UIInterfaceOrientationPortraitUpsideDown UIInterfaceOrientationLandscapeLeft UIInterfaceOrientationLandscapeRight";
				INFOPLIST_KEY_UISupportedInterfaceOrientations_iPhone = "UIInterfaceOrientationPortrait UIInterfaceOrientationLandscapeLeft UIInterfaceOrientationLandscapeRight";
				LD_RUNPATH_SEARCH_PATHS = (
					"$(inherited)",
					"@executable_path/Frameworks",
				);
				MARKETING_VERSION = 1.0;
				PRODUCT_BUNDLE_IDENTIFIER = io.github.mshibanami.Example;
				PRODUCT_NAME = "$(TARGET_NAME)";
				SWIFT_EMIT_LOC_STRINGS = YES;
				SWIFT_VERSION = 5.0;
				TARGETED_DEVICE_FAMILY = "1,2";
			};
			name = Debug;
		};
		0057CE2A28BACCE1005A105A /* Release */ = {
			isa = XCBuildConfiguration;
			buildSettings = {
				ASSETCATALOG_COMPILER_APPICON_NAME = AppIcon;
				ASSETCATALOG_COMPILER_GLOBAL_ACCENT_COLOR_NAME = AccentColor;
				CODE_SIGN_STYLE = Automatic;
				CURRENT_PROJECT_VERSION = 1;
				DEVELOPMENT_ASSET_PATHS = "\"Example (iOS)/Preview Content\"";
				DEVELOPMENT_TEAM = ZVWN4UJS9M;
				ENABLE_PREVIEWS = YES;
				GENERATE_INFOPLIST_FILE = YES;
				INFOPLIST_KEY_UIApplicationSceneManifest_Generation = YES;
				INFOPLIST_KEY_UIApplicationSupportsIndirectInputEvents = YES;
				INFOPLIST_KEY_UILaunchScreen_Generation = YES;
				INFOPLIST_KEY_UISupportedInterfaceOrientations_iPad = "UIInterfaceOrientationPortrait UIInterfaceOrientationPortraitUpsideDown UIInterfaceOrientationLandscapeLeft UIInterfaceOrientationLandscapeRight";
				INFOPLIST_KEY_UISupportedInterfaceOrientations_iPhone = "UIInterfaceOrientationPortrait UIInterfaceOrientationLandscapeLeft UIInterfaceOrientationLandscapeRight";
				LD_RUNPATH_SEARCH_PATHS = (
					"$(inherited)",
					"@executable_path/Frameworks",
				);
				MARKETING_VERSION = 1.0;
				PRODUCT_BUNDLE_IDENTIFIER = io.github.mshibanami.Example;
				PRODUCT_NAME = "$(TARGET_NAME)";
				SWIFT_EMIT_LOC_STRINGS = YES;
				SWIFT_VERSION = 5.0;
				TARGETED_DEVICE_FAMILY = "1,2";
			};
			name = Release;
		};
		0057CE3F28BACD63005A105A /* Debug */ = {
			isa = XCBuildConfiguration;
			buildSettings = {
				ASSETCATALOG_COMPILER_APPICON_NAME = AppIcon;
				ASSETCATALOG_COMPILER_GLOBAL_ACCENT_COLOR_NAME = AccentColor;
				CODE_SIGN_ENTITLEMENTS = "Example (macOS)/Example__macOS_.entitlements";
				CODE_SIGN_STYLE = Automatic;
				COMBINE_HIDPI_IMAGES = YES;
				CURRENT_PROJECT_VERSION = 1;
				DEVELOPMENT_ASSET_PATHS = "\"Example (macOS)/Preview Content\"";
				DEVELOPMENT_TEAM = ZVWN4UJS9M;
				ENABLE_HARDENED_RUNTIME = YES;
				ENABLE_PREVIEWS = YES;
				GENERATE_INFOPLIST_FILE = YES;
				INFOPLIST_KEY_NSHumanReadableCopyright = "";
				LD_RUNPATH_SEARCH_PATHS = (
					"$(inherited)",
					"@executable_path/../Frameworks",
				);
				MACOSX_DEPLOYMENT_TARGET = 12.3;
				MARKETING_VERSION = 1.0;
				PRODUCT_BUNDLE_IDENTIFIER = "io.github.mshibanami.Example--macOS-";
				PRODUCT_NAME = "$(TARGET_NAME)";
				SDKROOT = macosx;
				SWIFT_EMIT_LOC_STRINGS = YES;
				SWIFT_VERSION = 5.0;
			};
			name = Debug;
		};
		0057CE4028BACD63005A105A /* Release */ = {
			isa = XCBuildConfiguration;
			buildSettings = {
				ASSETCATALOG_COMPILER_APPICON_NAME = AppIcon;
				ASSETCATALOG_COMPILER_GLOBAL_ACCENT_COLOR_NAME = AccentColor;
				CODE_SIGN_ENTITLEMENTS = "Example (macOS)/Example__macOS_.entitlements";
				CODE_SIGN_STYLE = Automatic;
				COMBINE_HIDPI_IMAGES = YES;
				CURRENT_PROJECT_VERSION = 1;
				DEVELOPMENT_ASSET_PATHS = "\"Example (macOS)/Preview Content\"";
				DEVELOPMENT_TEAM = ZVWN4UJS9M;
				ENABLE_HARDENED_RUNTIME = YES;
				ENABLE_PREVIEWS = YES;
				GENERATE_INFOPLIST_FILE = YES;
				INFOPLIST_KEY_NSHumanReadableCopyright = "";
				LD_RUNPATH_SEARCH_PATHS = (
					"$(inherited)",
					"@executable_path/../Frameworks",
				);
				MACOSX_DEPLOYMENT_TARGET = 12.3;
				MARKETING_VERSION = 1.0;
				PRODUCT_BUNDLE_IDENTIFIER = "io.github.mshibanami.Example--macOS-";
				PRODUCT_NAME = "$(TARGET_NAME)";
				SDKROOT = macosx;
				SWIFT_EMIT_LOC_STRINGS = YES;
				SWIFT_VERSION = 5.0;
			};
			name = Release;
		};
/* End XCBuildConfiguration section */

/* Begin XCConfigurationList section */
		0057CE1528BACCDF005A105A /* Build configuration list for PBXProject "Example" */ = {
			isa = XCConfigurationList;
			buildConfigurations = (
				0057CE2628BACCE1005A105A /* Debug */,
				0057CE2728BACCE1005A105A /* Release */,
			);
			defaultConfigurationIsVisible = 0;
			defaultConfigurationName = Release;
		};
		0057CE2828BACCE1005A105A /* Build configuration list for PBXNativeTarget "Example (iOS)" */ = {
			isa = XCConfigurationList;
			buildConfigurations = (
				0057CE2928BACCE1005A105A /* Debug */,
				0057CE2A28BACCE1005A105A /* Release */,
			);
			defaultConfigurationIsVisible = 0;
			defaultConfigurationName = Release;
		};
		0057CE3E28BACD63005A105A /* Build configuration list for PBXNativeTarget "Example (macOS)" */ = {
			isa = XCConfigurationList;
			buildConfigurations = (
				0057CE3F28BACD63005A105A /* Debug */,
				0057CE4028BACD63005A105A /* Release */,
			);
			defaultConfigurationIsVisible = 0;
			defaultConfigurationName = Release;
		};
/* End XCConfigurationList section */

/* Begin XCSwiftPackageProductDependency section */
		0057CE4528BACDC3005A105A /* EdgeFadingScrollView */ = {
			isa = XCSwiftPackageProductDependency;
			productName = EdgeFadingScrollView;
		};
		0057CE4728BACDC7005A105A /* EdgeFadingScrollView */ = {
			isa = XCSwiftPackageProductDependency;
			productName = EdgeFadingScrollView;
		};
/* End XCSwiftPackageProductDependency section */
	};
	rootObject = 0057CE1228BACCDF005A105A /* Project object */;
}
